{
  "name": "@audio/saturate",
  "version": "1.0.0",
  "lockfileVersion": 3,
  "requires": true,
  "packages": {
    "": {
      "name": "@audio/saturate",
      "version": "1.0.0",
      "license": "MIT",
      "workspaces": [
        "packages/*"
      ],
      "dependencies": {
        "@audio/saturate-core": "^1.0.0",
        "@audio/saturate-multiband": "^1.0.0",
        "@audio/saturate-tape": "^1.0.0",
        "@audio/saturate-transistor": "^1.0.0",
        "@audio/saturate-tube": "^1.0.0",
        "@audio/saturate-waveshaper": "^1.0.0"
      },
      "devDependencies": {
        "tst": "^9.4.0"
      },
      "engines": {
        "node": ">=18"
      }
    },
    "../eq/packages/eq-crossover": {
      "name": "@audio/eq-crossover",
      "version": "1.0.0",
      "license": "MIT",
      "dependencies": {
        "digital-filter": "^2.0.0"
      },
      "engines": {
        "node": ">=18"
      }
    },
    "../resample/packages/resample-sinc": {
      "name": "@audio/resample-sinc",
      "version": "1.0.0",
      "license": "MIT",
      "engines": {
        "node": ">=18"
      }
    },
    "node_modules/@audio/eq-crossover": {
      "resolved": "../eq/packages/eq-crossover",
      "link": true
    },
    "node_modules/@audio/resample-sinc": {
      "resolved": "../resample/packages/resample-sinc",
      "link": true
    },
    "node_modules/@audio/saturate-core": {
      "resolved": "packages/saturate-core",
      "link": true
    },
    "node_modules/@audio/saturate-multiband": {
      "resolved": "packages/saturate-multiband",
      "link": true
    },
    "node_modules/@audio/saturate-tape": {
      "resolved": "packages/saturate-tape",
      "link": true
    },
    "node_modules/@audio/saturate-transistor": {
      "resolved": "packages/saturate-transistor",
      "link": true
    },
    "node_modules/@audio/saturate-tube": {
      "resolved": "packages/saturate-tube",
      "link": true
    },
    "node_modules/@audio/saturate-waveshaper": {
      "resolved": "packages/saturate-waveshaper",
      "link": true
    },
    "node_modules/tst": {
      "version": "9.4.0",
      "resolved": "https://registry.npmjs.org/tst/-/tst-9.4.0.tgz",
      "integrity": "sha512-LFC1yasMqhvL9hBJdA07nozlfS1RGy/7uiBCwRZcQH9zB4+n7XpxwYszzK//WQ2JVOLAUgU3d8ABEcrFLZE0vg==",
      "dev": true,
      "license": "MIT"
    },
    "packages/saturate-core": {
      "name": "@audio/saturate-core",
      "version": "1.0.0",
      "license": "MIT",
      "dependencies": {
        "@audio/resample-sinc": "file:../../../resample/packages/resample-sinc"
      },
      "engines": {
        "node": ">=18"
      }
    },
    "packages/saturate-multiband": {
      "name": "@audio/saturate-multiband",
      "version": "1.0.0",
      "license": "MIT",
      "dependencies": {
        "@audio/eq-crossover": "file:../../../eq/packages/eq-crossover",
        "@audio/saturate-tube": "^1.0.0"
      },
      "engines": {
        "node": ">=18"
      }
    },
    "packages/saturate-tape": {
      "name": "@audio/saturate-tape",
      "version": "1.0.0",
      "license": "MIT",
      "dependencies": {
        "@audio/saturate-core": "^1.0.0"
      },
      "engines": {
        "node": ">=18"
      }
    },
    "packages/saturate-transistor": {
      "name": "@audio/saturate-transistor",
      "version": "1.0.0",
      "license": "MIT",
      "dependencies": {
        "@audio/saturate-core": "^1.0.0"
      },
      "engines": {
        "node": ">=18"
      }
    },
    "packages/saturate-tube": {
      "name": "@audio/saturate-tube",
      "version": "1.0.0",
      "license": "MIT",
      "dependencies": {
        "@audio/saturate-core": "^1.0.0"
      },
      "engines": {
        "node": ">=18"
      }
    },
    "packages/saturate-waveshaper": {
      "name": "@audio/saturate-waveshaper",
      "version": "1.0.0",
      "license": "MIT",
      "dependencies": {
        "@audio/saturate-core": "^1.0.0"
      },
      "engines": {
        "node": ">=18"
      }
    }
  }
}
