{
  "name": "@audio/saturate",
  "version": "1.0.2",
  "lockfileVersion": 3,
  "requires": true,
  "packages": {
    "": {
      "name": "@audio/saturate",
      "version": "1.0.2",
      "license": "MIT",
      "workspaces": [
        "packages/*"
      ],
      "dependencies": {
        "@audio/saturate-multiband": "^1.0.0",
        "@audio/saturate-tape": "^1.0.0",
        "@audio/saturate-transistor": "^1.0.0",
        "@audio/saturate-tube": "^1.0.0",
        "@audio/saturate-waveshaper": "^1.0.0"
      },
      "devDependencies": {
        "tst": "^9.4.0"
      },
      "engines": {
        "node": ">=18"
      }
    },
    "node_modules/@audio/biquad": {
      "version": "1.2.0",
      "resolved": "https://registry.npmjs.org/@audio/biquad/-/biquad-1.2.0.tgz",
      "integrity": "sha512-2ya/NSmXFHWvHR9mJhIchO8DT0aCVfaX6cq9rxUp8MHU39ODJdrQ0vpoNZZjnIJQjFZI8s3qzFxD1MDOLWuSyQ==",
      "license": "MIT",
      "engines": {
        "node": ">=18"
      }
    },
    "node_modules/@audio/eq-crossover": {
      "version": "1.0.0",
      "resolved": "https://registry.npmjs.org/@audio/eq-crossover/-/eq-crossover-1.0.0.tgz",
      "integrity": "sha512-4CLMVwbTigia6fL9YViErgI7ZApabmtV/D8PzQrMHIcYokNJ6Wn5evt0UpLJPL6tlL8L93Ssy4OOWo1Kdr/x9A==",
      "license": "MIT",
      "dependencies": {
        "digital-filter": "^2.0.0"
      },
      "engines": {
        "node": ">=18"
      }
    },
    "node_modules/@audio/resample-sinc": {
      "version": "1.1.1",
      "resolved": "https://registry.npmjs.org/@audio/resample-sinc/-/resample-sinc-1.1.1.tgz",
      "integrity": "sha512-yaeNtuiHa2lhow3N6gLhVjcuT91EoXW3T5kLppNB4qY5MRczcSuBAv+6cSvr+RjRoS9XLZCsbz2JY/TJ+zGJWg==",
      "license": "MIT",
      "engines": {
        "node": ">=18"
      }
    },
    "node_modules/@audio/saturate-multiband": {
      "resolved": "packages/saturate-multiband",
      "link": true
    },
    "node_modules/@audio/saturate-tape": {
      "resolved": "packages/saturate-tape",
      "link": true
    },
    "node_modules/@audio/saturate-transistor": {
      "resolved": "packages/saturate-transistor",
      "link": true
    },
    "node_modules/@audio/saturate-tube": {
      "resolved": "packages/saturate-tube",
      "link": true
    },
    "node_modules/@audio/saturate-waveshaper": {
      "resolved": "packages/saturate-waveshaper",
      "link": true
    },
    "node_modules/digital-filter": {
      "version": "2.4.1",
      "resolved": "https://registry.npmjs.org/digital-filter/-/digital-filter-2.4.1.tgz",
      "integrity": "sha512-evhe3IvozrrChdHduGElEcRaVDQqxQDEl8kHeYRLqrCLTeyJgMzDzK8ZrRHKD4rzmUYnDfls8Yj5AKNypjRKPA==",
      "license": "MIT",
      "dependencies": {
        "window-function": "^3.0.1"
      },
      "engines": {
        "node": ">=18"
      }
    },
    "node_modules/tst": {
      "version": "9.4.0",
      "resolved": "https://registry.npmjs.org/tst/-/tst-9.4.0.tgz",
      "integrity": "sha512-LFC1yasMqhvL9hBJdA07nozlfS1RGy/7uiBCwRZcQH9zB4+n7XpxwYszzK//WQ2JVOLAUgU3d8ABEcrFLZE0vg==",
      "dev": true,
      "license": "MIT"
    },
    "node_modules/window-function": {
      "version": "3.0.1",
      "resolved": "https://registry.npmjs.org/window-function/-/window-function-3.0.1.tgz",
      "integrity": "sha512-leNaeoOe+AWGGL7i3UYC1diwxi1XGdypk+mBTdETtj7ptYikvcY1hw2qGsT0zhDBta1L3ynYLW3HjZq8gsLJ1w==",
      "license": "MIT",
      "engines": {
        "node": ">=18"
      }
    },
    "packages/saturate-multiband": {
      "name": "@audio/saturate-multiband",
      "version": "1.1.3",
      "license": "MIT",
      "dependencies": {
        "@audio/biquad": "^1.1.0",
        "@audio/eq-crossover": "^1.0.0",
        "@audio/saturate-tube": "^1.0.0"
      },
      "engines": {
        "node": ">=18"
      }
    },
    "packages/saturate-tape": {
      "name": "@audio/saturate-tape",
      "version": "1.1.2",
      "license": "MIT",
      "dependencies": {
        "@audio/resample-sinc": "^1.0.0"
      },
      "engines": {
        "node": ">=18"
      }
    },
    "packages/saturate-transistor": {
      "name": "@audio/saturate-transistor",
      "version": "1.1.2",
      "license": "MIT",
      "dependencies": {
        "@audio/resample-sinc": "^1.0.0"
      },
      "engines": {
        "node": ">=18"
      }
    },
    "packages/saturate-tube": {
      "name": "@audio/saturate-tube",
      "version": "1.0.4",
      "license": "MIT",
      "dependencies": {
        "@audio/resample-sinc": "^1.0.0"
      },
      "engines": {
        "node": ">=18"
      }
    },
    "packages/saturate-waveshaper": {
      "name": "@audio/saturate-waveshaper",
      "version": "1.1.2",
      "license": "MIT",
      "dependencies": {
        "@audio/resample-sinc": "^1.0.0"
      },
      "engines": {
        "node": ">=18"
      }
    }
  }
}
